// !$*UTF8*$!
{
	archiveVersion = 1;
	classes = {
	};
	objectVersion = 56;
	objects = {

/* Begin PBXBuildFile section */
		848F304E2BAF972800D333A9 /* CryptoConverterApp.swift in Sources */ = {isa = PBXBuildFile; fileRef = 848F304D2BAF972800D333A9 /* CryptoConverterApp.swift */; };
		848F30502BAF972800D333A9 /* ConvertModel.swift in Sources */ = {isa = PBXBuildFile; fileRef = 848F304F2BAF972800D333A9 /* ConvertModel.swift */; };
		848F30522BAF972B00D333A9 /* Assets.xcassets in Resources */ = {isa = PBXBuildFile; fileRef = 848F30512BAF972B00D333A9 /* Assets.xcassets */; };
		848F30552BAF972B00D333A9 /* Preview Assets.xcassets in Resources */ = {isa = PBXBuildFile; fileRef = 848F30542BAF972B00D333A9 /* Preview Assets.xcassets */; };
		848F305E2BAF993800D333A9 /* Converter.swift in Sources */ = {isa = PBXBuildFile; fileRef = 848F305D2BAF993800D333A9 /* Converter.swift */; };
		848F30602BAFA3DD00D333A9 /* CryptoConvertModel.swift in Sources */ = {isa = PBXBuildFile; fileRef = 848F305F2BAFA3DD00D333A9 /* CryptoConvertModel.swift */; };
		848F30622BAFA42600D333A9 /* CryptoConverterViewlModel1.swift in Sources */ = {isa = PBXBuildFile; fileRef = 848F30612BAFA42600D333A9 /* CryptoConverterViewlModel1.swift */; };
		848F30642BAFA45200D333A9 /* CryptoItem.swift in Sources */ = {isa = PBXBuildFile; fileRef = 848F30632BAFA45200D333A9 /* CryptoItem.swift */; };
		848F30662BAFA4B100D333A9 /* CurrencyConverterViewModel.swift in Sources */ = {isa = PBXBuildFile; fileRef = 848F30652BAFA4B100D333A9 /* CurrencyConverterViewModel.swift */; };
		848F30682BAFA4D400D333A9 /* CurrencyItem.swift in Sources */ = {isa = PBXBuildFile; fileRef = 848F30672BAFA4D400D333A9 /* CurrencyItem.swift */; };
/* End PBXBuildFile section */

/* Begin PBXFileReference section */
		848F304A2BAF972800D333A9 /* CryptoConverter.app */ = {isa = PBXFileReference; explicitFileType = wrapper.application; includeInIndex = 0; path = CryptoConverter.app; sourceTree = BUILT_PRODUCTS_DIR; };
		848F304D2BAF972800D333A9 /* CryptoConverterApp.swift */ = {isa = PBXFileReference; lastKnownFileType = sourcecode.swift; path = CryptoConverterApp.swift; sourceTree = "<group>"; };
		848F304F2BAF972800D333A9 /* ConvertModel.swift */ = {isa = PBXFileReference; lastKnownFileType = sourcecode.swift; path = ConvertModel.swift; sourceTree = "<group>"; };
		848F30512BAF972B00D333A9 /* Assets.xcassets */ = {isa = PBXFileReference; lastKnownFileType = folder.assetcatalog; path = Assets.xcassets; sourceTree = "<group>"; };
		848F30542BAF972B00D333A9 /* Preview Assets.xcassets */ = {isa = PBXFileReference; lastKnownFileType = folder.assetcatalog; path = "Preview Assets.xcassets"; sourceTree = "<group>"; };
		848F305D2BAF993800D333A9 /* Converter.swift */ = {isa = PBXFileReference; lastKnownFileType = sourcecode.swift; path = Converter.swift; sourceTree = "<group>"; };
		848F305F2BAFA3DD00D333A9 /* CryptoConvertModel.swift */ = {isa = PBXFileReference; lastKnownFileType = sourcecode.swift; path = CryptoConvertModel.swift; sourceTree = "<group>"; };
		848F30612BAFA42600D333A9 /* CryptoConverterViewlModel1.swift */ = {isa = PBXFileReference; lastKnownFileType = sourcecode.swift; path = CryptoConverterViewlModel1.swift; sourceTree = "<group>"; };
		848F30632BAFA45200D333A9 /* CryptoItem.swift */ = {isa = PBXFileReference; lastKnownFileType = sourcecode.swift; path = CryptoItem.swift; sourceTree = "<group>"; };
		848F30652BAFA4B100D333A9 /* CurrencyConverterViewModel.swift */ = {isa = PBXFileReference; lastKnownFileType = sourcecode.swift; path = CurrencyConverterViewModel.swift; sourceTree = "<group>"; };
		848F30672BAFA4D400D333A9 /* CurrencyItem.swift */ = {isa = PBXFileReference; lastKnownFileType = sourcecode.swift; path = CurrencyItem.swift; sourceTree = "<group>"; };
/* End PBXFileReference section */

/* Begin PBXFrameworksBuildPhase section */
		848F30472BAF972800D333A9 /* Frameworks */ = {
			isa = PBXFrameworksBuildPhase;
			buildActionMask = 2147483647;
			files = (
			);
			runOnlyForDeploymentPostprocessing = 0;
		};
/* End PBXFrameworksBuildPhase section */

/* Begin PBXGroup section */
		848F30412BAF972800D333A9 = {
			isa = PBXGroup;
			children = (
				848F304C2BAF972800D333A9 /* CryptoConverter */,
				848F304B2BAF972800D333A9 /* Products */,
			);
			sourceTree = "<group>";
		};
		848F304B2BAF972800D333A9 /* Products */ = {
			isa = PBXGroup;
			children = (
				848F304A2BAF972800D333A9 /* CryptoConverter.app */,
			);
			name = Products;
			sourceTree = "<group>";
		};
		848F304C2BAF972800D333A9 /* CryptoConverter */ = {
			isa = PBXGroup;
			children = (
				848F30672BAFA4D400D333A9 /* CurrencyItem.swift */,
				848F30652BAFA4B100D333A9 /* CurrencyConverterViewModel.swift */,
				848F30632BAFA45200D333A9 /* CryptoItem.swift */,
				848F30612BAFA42600D333A9 /* CryptoConverterViewlModel1.swift */,
				848F305F2BAFA3DD00D333A9 /* CryptoConvertModel.swift */,
				848F305D2BAF993800D333A9 /* Converter.swift */,
				848F304D2BAF972800D333A9 /* CryptoConverterApp.swift */,
				848F304F2BAF972800D333A9 /* ConvertModel.swift */,
				848F30512BAF972B00D333A9 /* Assets.xcassets */,
				848F30532BAF972B00D333A9 /* Preview Content */,
			);
			path = CryptoConverter;
			sourceTree = "<group>";
		};
		848F30532BAF972B00D333A9 /* Preview Content */ = {
			isa = PBXGroup;
			children = (
				848F30542BAF972B00D333A9 /* Preview Assets.xcassets */,
			);
			path = "Preview Content";
			sourceTree = "<group>";
		};
/* End PBXGroup section */

/* Begin PBXNativeTarget section */
		848F30492BAF972800D333A9 /* CryptoConverter */ = {
			isa = PBXNativeTarget;
			buildConfigurationList = 848F30582BAF972B00D333A9 /* Build configuration list for PBXNativeTarget "CryptoConverter" */;
			buildPhases = (
				848F30462BAF972800D333A9 /* Sources */,
				848F30472BAF972800D333A9 /* Frameworks */,
				848F30482BAF972800D333A9 /* Resources */,
			);
			buildRules = (
			);
			dependencies = (
			);
			name = CryptoConverter;
			productName = CryptoConverter;
			productReference = 848F304A2BAF972800D333A9 /* CryptoConverter.app */;
			productType = "com.apple.product-type.application";
		};
/* End PBXNativeTarget section */

/* Begin PBXProject section */
		848F30422BAF972800D333A9 /* Project object */ = {
			isa = PBXProject;
			attributes = {
				BuildIndependentTargetsInParallel = 1;
				LastSwiftUpdateCheck = 1430;
				LastUpgradeCheck = 1430;
				TargetAttributes = {
					848F30492BAF972800D333A9 = {
						CreatedOnToolsVersion = 14.3;
					};
				};
			};
			buildConfigurationList = 848F30452BAF972800D333A9 /* Build configuration list for PBXProject "CryptoConverter" */;
			compatibilityVersion = "Xcode 14.0";
			developmentRegion = en;
			hasScannedForEncodings = 0;
			knownRegions = (
				en,
				Base,
			);
			mainGroup = 848F30412BAF972800D333A9;
			productRefGroup = 848F304B2BAF972800D333A9 /* Products */;
			projectDirPath = "";
			projectRoot = "";
			targets = (
				848F30492BAF972800D333A9 /* CryptoConverter */,
			);
		};
/* End PBXProject section */

/* Begin PBXResourcesBuildPhase section */
		848F30482BAF972800D333A9 /* Resources */ = {
			isa = PBXResourcesBuildPhase;
			buildActionMask = 2147483647;
			files = (
				848F30552BAF972B00D333A9 /* Preview Assets.xcassets in Resources */,
				848F30522BAF972B00D333A9 /* Assets.xcassets in Resources */,
			);
			runOnlyForDeploymentPostprocessing = 0;
		};
/* End PBXResourcesBuildPhase section */

/* Begin PBXSourcesBuildPhase section */
		848F30462BAF972800D333A9 /* Sources */ = {
			isa = PBXSourcesBuildPhase;
			buildActionMask = 2147483647;
			files = (
				848F30622BAFA42600D333A9 /* CryptoConverterViewlModel1.swift in Sources */,
				848F30602BAFA3DD00D333A9 /* CryptoConvertModel.swift in Sources */,
				848F30502BAF972800D333A9 /* ConvertModel.swift in Sources */,
				848F30662BAFA4B100D333A9 /* CurrencyConverterViewModel.swift in Sources */,
				848F30642BAFA45200D333A9 /* CryptoItem.swift in Sources */,
				848F30682BAFA4D400D333A9 /* CurrencyItem.swift in Sources */,
				848F305E2BAF993800D333A9 /* Converter.swift in Sources */,
				848F304E2BAF972800D333A9 /* CryptoConverterApp.swift in Sources */,
			);
			runOnlyForDeploymentPostprocessing = 0;
		};
/* End PBXSourcesBuildPhase section */

/* Begin XCBuildConfiguration section */
		848F30562BAF972B00D333A9 /* Debug */ = {
			isa = XCBuildConfiguration;
			buildSettings = {
				ALWAYS_SEARCH_USER_PATHS = NO;
				CLANG_ANALYZER_NONNULL = YES;
				CLANG_ANALYZER_NUMBER_OBJECT_CONVERSION = YES_AGGRESSIVE;
				CLANG_CXX_LANGUAGE_STANDARD = "gnu++20";
				CLANG_ENABLE_MODULES = YES;
				CLANG_ENABLE_OBJC_ARC = YES;
				CLANG_ENABLE_OBJC_WEAK = YES;
				CLANG_WARN_BLOCK_CAPTURE_AUTORELEASING = YES;
				CLANG_WARN_BOOL_CONVERSION = YES;
				CLANG_WARN_COMMA = YES;
				CLANG_WARN_CONSTANT_CONVERSION = YES;
				CLANG_WARN_DEPRECATED_OBJC_IMPLEMENTATIONS = YES;
				CLANG_WARN_DIRECT_OBJC_ISA_USAGE = YES_ERROR;
				CLANG_WARN_DOCUMENTATION_COMMENTS = YES;
				CLANG_WARN_EMPTY_BODY = YES;
				CLANG_WARN_ENUM_CONVERSION = YES;
				CLANG_WARN_INFINITE_RECURSION = YES;
				CLANG_WARN_INT_CONVERSION = YES;
				CLANG_WARN_NON_LITERAL_NULL_CONVERSION = YES;
				CLANG_WARN_OBJC_IMPLICIT_RETAIN_SELF = YES;
				CLANG_WARN_OBJC_LITERAL_CONVERSION = YES;
				CLANG_WARN_OBJC_ROOT_CLASS = YES_ERROR;
				CLANG_WARN_QUOTED_INCLUDE_IN_FRAMEWORK_HEADER = YES;
				CLANG_WARN_RANGE_LOOP_ANALYSIS = YES;
				CLANG_WARN_STRICT_PROTOTYPES = YES;
				CLANG_WARN_SUSPICIOUS_MOVE = YES;
				CLANG_WARN_UNGUARDED_AVAILABILITY = YES_AGGRESSIVE;
				CLANG_WARN_UNREACHABLE_CODE = YES;
				CLANG_WARN__DUPLICATE_METHOD_MATCH = YES;
				COPY_PHASE_STRIP = NO;
				DEBUG_INFORMATION_FORMAT = dwarf;
				ENABLE_STRICT_OBJC_MSGSEND = YES;
				ENABLE_TESTABILITY = YES;
				GCC_C_LANGUAGE_STANDARD = gnu11;
				GCC_DYNAMIC_NO_PIC = NO;
				GCC_NO_COMMON_BLOCKS = YES;
				GCC_OPTIMIZATION_LEVEL = 0;
				GCC_PREPROCESSOR_DEFINITIONS = (
					"DEBUG=1",
					"$(inherited)",
				);
				GCC_WARN_64_TO_32_BIT_CONVERSION = YES;
				GCC_WARN_ABOUT_RETURN_TYPE = YES_ERROR;
				GCC_WARN_UNDECLARED_SELECTOR = YES;
				GCC_WARN_UNINITIALIZED_AUTOS = YES_AGGRESSIVE;
				GCC_WARN_UNUSED_FUNCTION = YES;
				GCC_WARN_UNUSED_VARIABLE = YES;
				IPHONEOS_DEPLOYMENT_TARGET = 16.4;
				MTL_ENABLE_DEBUG_INFO = INCLUDE_SOURCE;
				MTL_FAST_MATH = YES;
				ONLY_ACTIVE_ARCH = YES;
				SDKROOT = iphoneos;
				SWIFT_ACTIVE_COMPILATION_CONDITIONS = DEBUG;
				SWIFT_OPTIMIZATION_LEVEL = "-Onone";
			};
			name = Debug;
		};
		848F30572BAF972B00D333A9 /* Release */ = {
			isa = XCBuildConfiguration;
			buildSettings = {
				ALWAYS_SEARCH_USER_PATHS = NO;
				CLANG_ANALYZER_NONNULL = YES;
				CLANG_ANALYZER_NUMBER_OBJECT_CONVERSION = YES_AGGRESSIVE;
				CLANG_CXX_LANGUAGE_STANDARD = "gnu++20";
				CLANG_ENABLE_MODULES = YES;
				CLANG_ENABLE_OBJC_ARC = YES;
				CLANG_ENABLE_OBJC_WEAK = YES;
				CLANG_WARN_BLOCK_CAPTURE_AUTORELEASING = YES;
				CLANG_WARN_BOOL_CONVERSION = YES;
				CLANG_WARN_COMMA = YES;
				CLANG_WARN_CONSTANT_CONVERSION = YES;
				CLANG_WARN_DEPRECATED_OBJC_IMPLEMENTATIONS = YES;
				CLANG_WARN_DIRECT_OBJC_ISA_USAGE = YES_ERROR;
				CLANG_WARN_DOCUMENTATION_COMMENTS = YES;
				CLANG_WARN_EMPTY_BODY = YES;
				CLANG_WARN_ENUM_CONVERSION = YES;
				CLANG_WARN_INFINITE_RECURSION = YES;
				CLANG_WARN_INT_CONVERSION = YES;
				CLANG_WARN_NON_LITERAL_NULL_CONVERSION = YES;
				CLANG_WARN_OBJC_IMPLICIT_RETAIN_SELF = YES;
				CLANG_WARN_OBJC_LITERAL_CONVERSION = YES;
				CLANG_WARN_OBJC_ROOT_CLASS = YES_ERROR;
				CLANG_WARN_QUOTED_INCLUDE_IN_FRAMEWORK_HEADER = YES;
				CLANG_WARN_RANGE_LOOP_ANALYSIS = YES;
				CLANG_WARN_STRICT_PROTOTYPES = YES;
				CLANG_WARN_SUSPICIOUS_MOVE = YES;
				CLANG_WARN_UNGUARDED_AVAILABILITY = YES_AGGRESSIVE;
				CLANG_WARN_UNREACHABLE_CODE = YES;
				CLANG_WARN__DUPLICATE_METHOD_MATCH = YES;
				COPY_PHASE_STRIP = NO;
				DEBUG_INFORMATION_FORMAT = "dwarf-with-dsym";
				ENABLE_NS_ASSERTIONS = NO;
				ENABLE_STRICT_OBJC_MSGSEND = YES;
				GCC_C_LANGUAGE_STANDARD = gnu11;
				GCC_NO_COMMON_BLOCKS = YES;
				GCC_WARN_64_TO_32_BIT_CONVERSION = YES;
				GCC_WARN_ABOUT_RETURN_TYPE = YES_ERROR;
				GCC_WARN_UNDECLARED_SELECTOR = YES;
				GCC_WARN_UNINITIALIZED_AUTOS = YES_AGGRESSIVE;
				GCC_WARN_UNUSED_FUNCTION = YES;
				GCC_WARN_UNUSED_VARIABLE = YES;
				IPHONEOS_DEPLOYMENT_TARGET = 16.4;
				MTL_ENABLE_DEBUG_INFO = NO;
				MTL_FAST_MATH = YES;
				SDKROOT = iphoneos;
				SWIFT_COMPILATION_MODE = wholemodule;
				SWIFT_OPTIMIZATION_LEVEL = "-O";
				VALIDATE_PRODUCT = YES;
			};
			name = Release;
		};
		848F30592BAF972B00D333A9 /* Debug */ = {
			isa = XCBuildConfiguration;
			buildSettings = {
				ASSETCATALOG_COMPILER_APPICON_NAME = AppIcon;
				ASSETCATALOG_COMPILER_GLOBAL_ACCENT_COLOR_NAME = AccentColor;
				CODE_SIGN_STYLE = Automatic;
				CURRENT_PROJECT_VERSION = 1;
				DEVELOPMENT_ASSET_PATHS = "\"CryptoConverter/Preview Content\"";
				ENABLE_PREVIEWS = YES;
				GENERATE_INFOPLIST_FILE = YES;
				INFOPLIST_KEY_UIApplicationSceneManifest_Generation = YES;
				INFOPLIST_KEY_UIApplicationSupportsIndirectInputEvents = YES;
				INFOPLIST_KEY_UILaunchScreen_Generation = YES;
				INFOPLIST_KEY_UISupportedInterfaceOrientations_iPad = "UIInterfaceOrientationPortrait UIInterfaceOrientationPortraitUpsideDown UIInterfaceOrientationLandscapeLeft UIInterfaceOrientationLandscapeRight";
				INFOPLIST_KEY_UISupportedInterfaceOrientations_iPhone = "UIInterfaceOrientationPortrait UIInterfaceOrientationLandscapeLeft UIInterfaceOrientationLandscapeRight";
				LD_RUNPATH_SEARCH_PATHS = (
					"$(inherited)",
					"@executable_path/Frameworks",
				);
				MARKETING_VERSION = 1.0;
				PRODUCT_BUNDLE_IDENTIFIER = edu.auburn.CryptoConverter;
				PRODUCT_NAME = "$(TARGET_NAME)";
				SWIFT_EMIT_LOC_STRINGS = YES;
				SWIFT_VERSION = 5.0;
				TARGETED_DEVICE_FAMILY = "1,2";
			};
			name = Debug;
		};
		848F305A2BAF972B00D333A9 /* Release */ = {
			isa = XCBuildConfiguration;
			buildSettings = {
				ASSETCATALOG_COMPILER_APPICON_NAME = AppIcon;
				ASSETCATALOG_COMPILER_GLOBAL_ACCENT_COLOR_NAME = AccentColor;
				CODE_SIGN_STYLE = Automatic;
				CURRENT_PROJECT_VERSION = 1;
				DEVELOPMENT_ASSET_PATHS = "\"CryptoConverter/Preview Content\"";
				ENABLE_PREVIEWS = YES;
				GENERATE_INFOPLIST_FILE = YES;
				INFOPLIST_KEY_UIApplicationSceneManifest_Generation = YES;
				INFOPLIST_KEY_UIApplicationSupportsIndirectInputEvents = YES;
				INFOPLIST_KEY_UILaunchScreen_Generation = YES;
				INFOPLIST_KEY_UISupportedInterfaceOrientations_iPad = "UIInterfaceOrientationPortrait UIInterfaceOrientationPortraitUpsideDown UIInterfaceOrientationLandscapeLeft UIInterfaceOrientationLandscapeRight";
				INFOPLIST_KEY_UISupportedInterfaceOrientations_iPhone = "UIInterfaceOrientationPortrait UIInterfaceOrientationLandscapeLeft UIInterfaceOrientationLandscapeRight";
				LD_RUNPATH_SEARCH_PATHS = (
					"$(inherited)",
					"@executable_path/Frameworks",
				);
				MARKETING_VERSION = 1.0;
				PRODUCT_BUNDLE_IDENTIFIER = edu.auburn.CryptoConverter;
				PRODUCT_NAME = "$(TARGET_NAME)";
				SWIFT_EMIT_LOC_STRINGS = YES;
				SWIFT_VERSION = 5.0;
				TARGETED_DEVICE_FAMILY = "1,2";
			};
			name = Release;
		};
/* End XCBuildConfiguration section */

/* Begin XCConfigurationList section */
		848F30452BAF972800D333A9 /* Build configuration list for PBXProject "CryptoConverter" */ = {
			isa = XCConfigurationList;
			buildConfigurations = (
				848F30562BAF972B00D333A9 /* Debug */,
				848F30572BAF972B00D333A9 /* Release */,
			);
			defaultConfigurationIsVisible = 0;
			defaultConfigurationName = Release;
		};
		848F30582BAF972B00D333A9 /* Build configuration list for PBXNativeTarget "CryptoConverter" */ = {
			isa = XCConfigurationList;
			buildConfigurations = (
				848F30592BAF972B00D333A9 /* Debug */,
				848F305A2BAF972B00D333A9 /* Release */,
			);
			defaultConfigurationIsVisible = 0;
			defaultConfigurationName = Release;
		};
/* End XCConfigurationList section */
	};
	rootObject = 848F30422BAF972800D333A9 /* Project object */;
}
